
Microsoft Visual Studio Solution File, Format Version 12.00
# Visual Studio Express 2012 for Web
Project("{2150E333-8FDC-42A3-9474-1A3956D46DE8}") = "Solution Items", "Solution Items", "{A51A66EA-571C-4F64-A8BF-B4F1D202DAAD}"
	ProjectSection(SolutionItems) = preProject
		NOTES.md = NOTES.md
		README.md = README.md
	EndProjectSection
EndProject
Project("{2150E333-8FDC-42A3-9474-1A3956D46DE8}") = ".nuget", ".nuget", "{F1DC52B7-302B-4B39-974D-90AFDE3E2087}"
	ProjectSection(SolutionItems) = preProject
		.nuget\NuGet.Config = .nuget\NuGet.Config
		.nuget\NuGet.exe = .nuget\NuGet.exe
		.nuget\NuGet.targets = .nuget\NuGet.targets
	EndProjectSection
EndProject
Project("{FAE04EC0-301F-11D3-BF4B-00C04F79EFBC}") = "Chiffon.WebSite.UI", "src\Chiffon.WebSite.UI\Chiffon.WebSite.UI.csproj", "{0F446C2E-D766-428D-A567-724631F114A6}"
EndProject
Project("{F2A71F9B-5D33-465A-A702-920D77279786}") = "Chiffon.WebSite.FSharp", "src\Chiffon.WebSite.FSharp\Chiffon.WebSite.FSharp.fsproj", "{BCE4FBCC-3636-4ADD-AF87-B30474E1CE7D}"
EndProject
Project("{FAE04EC0-301F-11D3-BF4B-00C04F79EFBC}") = "Chiffon.WebSite", "src\Chiffon.WebSite\Chiffon.WebSite.csproj", "{07E1C8B2-9255-4124-A4A5-15A53C271D9F}"
EndProject
Global
	GlobalSection(SolutionConfigurationPlatforms) = preSolution
		Debug|Any CPU = Debug|Any CPU
		Release|Any CPU = Release|Any CPU
	EndGlobalSection
	GlobalSection(ProjectConfigurationPlatforms) = postSolution
		{0F446C2E-D766-428D-A567-724631F114A6}.Debug|Any CPU.ActiveCfg = Debug|Any CPU
		{0F446C2E-D766-428D-A567-724631F114A6}.Debug|Any CPU.Build.0 = Debug|Any CPU
		{0F446C2E-D766-428D-A567-724631F114A6}.Release|Any CPU.ActiveCfg = Release|Any CPU
		{0F446C2E-D766-428D-A567-724631F114A6}.Release|Any CPU.Build.0 = Release|Any CPU
		{BCE4FBCC-3636-4ADD-AF87-B30474E1CE7D}.Debug|Any CPU.ActiveCfg = Debug|Any CPU
		{BCE4FBCC-3636-4ADD-AF87-B30474E1CE7D}.Debug|Any CPU.Build.0 = Debug|Any CPU
		{BCE4FBCC-3636-4ADD-AF87-B30474E1CE7D}.Release|Any CPU.ActiveCfg = Release|Any CPU
		{BCE4FBCC-3636-4ADD-AF87-B30474E1CE7D}.Release|Any CPU.Build.0 = Release|Any CPU
		{07E1C8B2-9255-4124-A4A5-15A53C271D9F}.Debug|Any CPU.ActiveCfg = Debug|Any CPU
		{07E1C8B2-9255-4124-A4A5-15A53C271D9F}.Debug|Any CPU.Build.0 = Debug|Any CPU
		{07E1C8B2-9255-4124-A4A5-15A53C271D9F}.Release|Any CPU.ActiveCfg = Release|Any CPU
		{07E1C8B2-9255-4124-A4A5-15A53C271D9F}.Release|Any CPU.Build.0 = Release|Any CPU
	EndGlobalSection
	GlobalSection(SolutionProperties) = preSolution
		HideSolutionNode = FALSE
	EndGlobalSection
EndGlobal
