
Microsoft Visual Studio Solution File, Format Version 12.00
# Visual Studio Express 2012 for Web
Project("{2150E333-8FDC-42A3-9474-1A3956D46DE8}") = "Solution Items", "Solution Items", "{A51A66EA-571C-4F64-A8BF-B4F1D202DAAD}"
	ProjectSection(SolutionItems) = preProject
		Changelog.md = Changelog.md
		README.md = README.md
	EndProjectSection
EndProject
Project("{2150E333-8FDC-42A3-9474-1A3956D46DE8}") = ".nuget", ".nuget", "{F1DC52B7-302B-4B39-974D-90AFDE3E2087}"
	ProjectSection(SolutionItems) = preProject
		.nuget\NuGet.Config = .nuget\NuGet.Config
		.nuget\NuGet.exe = .nuget\NuGet.exe
		.nuget\NuGet.targets = .nuget\NuGet.targets
	EndProjectSection
EndProject
Project("{FAE04EC0-301F-11D3-BF4B-00C04F79EFBC}") = "Narvalo", "..\Narvalo.NET\src\Narvalo\Narvalo.csproj", "{7B564B3C-CCCC-43CA-94B6-D375AA40F085}"
EndProject
Project("{FAE04EC0-301F-11D3-BF4B-00C04F79EFBC}") = "Narvalo.Web", "..\Narvalo.NET\src\Narvalo.Web\Narvalo.Web.csproj", "{56E3969F-5066-4702-A670-4C35FBD97201}"
EndProject
Project("{2150E333-8FDC-42A3-9474-1A3956D46DE8}") = "Externals", "Externals", "{9C9A09C3-DAB9-4DD9-93DE-1D3CF1E54BC3}"
EndProject
Project("{FAE04EC0-301F-11D3-BF4B-00C04F79EFBC}") = "Chiffon.WebSite", "src\Chiffon.WebSite\Chiffon.WebSite.csproj", "{0F446C2E-D766-428D-A567-724631F114A6}"
EndProject
Project("{FAE04EC0-301F-11D3-BF4B-00C04F79EFBC}") = "Narvalo.Tests", "..\Narvalo.NET\test\Narvalo.Tests\Narvalo.Tests.csproj", "{967FD938-F4FF-452B-9F9B-426D1F250BEB}"
EndProject
Project("{FAE04EC0-301F-11D3-BF4B-00C04F79EFBC}") = "Narvalo.Build", "..\Narvalo.NET\src\Narvalo.Build\Narvalo.Build.csproj", "{AE69E1DD-A499-48E9-8BAA-B279E07F7DC7}"
EndProject
Project("{2150E333-8FDC-42A3-9474-1A3956D46DE8}") = "Build", "Build", "{0C3061B9-AD2F-4C18-B796-F5568736357D}"
	ProjectSection(SolutionItems) = preProject
		build.ps1 = build.ps1
		BuildViews.cmd = BuildViews.cmd
		default.ps1 = default.ps1
		Minify.cmd = Minify.cmd
	EndProjectSection
EndProject
Project("{FAE04EC0-301F-11D3-BF4B-00C04F79EFBC}") = "Wznw.Org", "src\Wznw.Org\Wznw.Org.csproj", "{F8B67A5E-16BF-4F97-AAF1-804E5CBBAFEE}"
EndProject
Project("{FAE04EC0-301F-11D3-BF4B-00C04F79EFBC}") = "Chiffon", "src\Chiffon\Chiffon.csproj", "{1759636F-FE03-4DAA-87B7-895CEB3F8797}"
EndProject
Project("{2150E333-8FDC-42A3-9474-1A3956D46DE8}") = "PublishProfiles", "PublishProfiles", "{D1E9C98A-55A2-4636-8FB0-D8874C9660C9}"
	ProjectSection(SolutionItems) = preProject
		etc\PublishProfiles\Chiffon.MediaSite.Production.pubxml = etc\PublishProfiles\Chiffon.MediaSite.Production.pubxml
		etc\PublishProfiles\Chiffon.WebSite.Production.pubxml = etc\PublishProfiles\Chiffon.WebSite.Production.pubxml
	EndProjectSection
EndProject
Project("{2150E333-8FDC-42A3-9474-1A3956D46DE8}") = "MSBuild", "MSBuild", "{925044C1-66B2-4DE3-8FE9-F38BACB917F3}"
	ProjectSection(SolutionItems) = preProject
		src\Chiffon.WebSite\assets\Chiffon.Assets.proj = src\Chiffon.WebSite\assets\Chiffon.Assets.proj
		Chiffon.proj = Chiffon.proj
		libexec\Chiffon.Tasks.Targets = libexec\Chiffon.Tasks.Targets
	EndProjectSection
EndProject
Project("{2150E333-8FDC-42A3-9474-1A3956D46DE8}") = "AssemblyInfo", "AssemblyInfo", "{CA1374AC-6B74-4840-8B92-4AB593FBA306}"
	ProjectSection(SolutionItems) = preProject
		etc\AssemblyInfo.Template.cs = etc\AssemblyInfo.Template.cs
		etc\VersionInfo.xml = etc\VersionInfo.xml
	EndProjectSection
EndProject
Project("{FAE04EC0-301F-11D3-BF4B-00C04F79EFBC}") = "Chiffon.Tests", "src\Chiffon.Tests\Chiffon.Tests.csproj", "{CE0724C9-25B5-4615-9FB9-CF709318780C}"
EndProject
Project("{FAE04EC0-301F-11D3-BF4B-00C04F79EFBC}") = "Chiffon.MediaSite", "src\Chiffon.MediaSite\Chiffon.MediaSite.csproj", "{764D63FC-2B67-45BB-8880-0C193A0C2149}"
EndProject
Global
	GlobalSection(SolutionConfigurationPlatforms) = preSolution
		Debug|Any CPU = Debug|Any CPU
		Release|Any CPU = Release|Any CPU
	EndGlobalSection
	GlobalSection(ProjectConfigurationPlatforms) = postSolution
		{7B564B3C-CCCC-43CA-94B6-D375AA40F085}.Debug|Any CPU.ActiveCfg = Debug|Any CPU
		{7B564B3C-CCCC-43CA-94B6-D375AA40F085}.Debug|Any CPU.Build.0 = Debug|Any CPU
		{7B564B3C-CCCC-43CA-94B6-D375AA40F085}.Release|Any CPU.ActiveCfg = Release|Any CPU
		{7B564B3C-CCCC-43CA-94B6-D375AA40F085}.Release|Any CPU.Build.0 = Release|Any CPU
		{56E3969F-5066-4702-A670-4C35FBD97201}.Debug|Any CPU.ActiveCfg = Debug|Any CPU
		{56E3969F-5066-4702-A670-4C35FBD97201}.Debug|Any CPU.Build.0 = Debug|Any CPU
		{56E3969F-5066-4702-A670-4C35FBD97201}.Release|Any CPU.ActiveCfg = Release|Any CPU
		{56E3969F-5066-4702-A670-4C35FBD97201}.Release|Any CPU.Build.0 = Release|Any CPU
		{0F446C2E-D766-428D-A567-724631F114A6}.Debug|Any CPU.ActiveCfg = Debug|Any CPU
		{0F446C2E-D766-428D-A567-724631F114A6}.Debug|Any CPU.Build.0 = Debug|Any CPU
		{0F446C2E-D766-428D-A567-724631F114A6}.Release|Any CPU.ActiveCfg = Release|Any CPU
		{0F446C2E-D766-428D-A567-724631F114A6}.Release|Any CPU.Build.0 = Release|Any CPU
		{967FD938-F4FF-452B-9F9B-426D1F250BEB}.Debug|Any CPU.ActiveCfg = Debug|Any CPU
		{967FD938-F4FF-452B-9F9B-426D1F250BEB}.Debug|Any CPU.Build.0 = Debug|Any CPU
		{967FD938-F4FF-452B-9F9B-426D1F250BEB}.Release|Any CPU.ActiveCfg = Release|Any CPU
		{967FD938-F4FF-452B-9F9B-426D1F250BEB}.Release|Any CPU.Build.0 = Release|Any CPU
		{AE69E1DD-A499-48E9-8BAA-B279E07F7DC7}.Debug|Any CPU.ActiveCfg = Debug|Any CPU
		{AE69E1DD-A499-48E9-8BAA-B279E07F7DC7}.Debug|Any CPU.Build.0 = Debug|Any CPU
		{AE69E1DD-A499-48E9-8BAA-B279E07F7DC7}.Release|Any CPU.ActiveCfg = Release|Any CPU
		{AE69E1DD-A499-48E9-8BAA-B279E07F7DC7}.Release|Any CPU.Build.0 = Release|Any CPU
		{F8B67A5E-16BF-4F97-AAF1-804E5CBBAFEE}.Debug|Any CPU.ActiveCfg = Debug|Any CPU
		{F8B67A5E-16BF-4F97-AAF1-804E5CBBAFEE}.Debug|Any CPU.Build.0 = Debug|Any CPU
		{F8B67A5E-16BF-4F97-AAF1-804E5CBBAFEE}.Release|Any CPU.ActiveCfg = Release|Any CPU
		{F8B67A5E-16BF-4F97-AAF1-804E5CBBAFEE}.Release|Any CPU.Build.0 = Release|Any CPU
		{1759636F-FE03-4DAA-87B7-895CEB3F8797}.Debug|Any CPU.ActiveCfg = Debug|Any CPU
		{1759636F-FE03-4DAA-87B7-895CEB3F8797}.Debug|Any CPU.Build.0 = Debug|Any CPU
		{1759636F-FE03-4DAA-87B7-895CEB3F8797}.Release|Any CPU.ActiveCfg = Release|Any CPU
		{1759636F-FE03-4DAA-87B7-895CEB3F8797}.Release|Any CPU.Build.0 = Release|Any CPU
		{CE0724C9-25B5-4615-9FB9-CF709318780C}.Debug|Any CPU.ActiveCfg = Debug|Any CPU
		{CE0724C9-25B5-4615-9FB9-CF709318780C}.Debug|Any CPU.Build.0 = Debug|Any CPU
		{CE0724C9-25B5-4615-9FB9-CF709318780C}.Release|Any CPU.ActiveCfg = Release|Any CPU
		{CE0724C9-25B5-4615-9FB9-CF709318780C}.Release|Any CPU.Build.0 = Release|Any CPU
		{764D63FC-2B67-45BB-8880-0C193A0C2149}.Debug|Any CPU.ActiveCfg = Debug|Any CPU
		{764D63FC-2B67-45BB-8880-0C193A0C2149}.Debug|Any CPU.Build.0 = Debug|Any CPU
		{764D63FC-2B67-45BB-8880-0C193A0C2149}.Release|Any CPU.ActiveCfg = Release|Any CPU
		{764D63FC-2B67-45BB-8880-0C193A0C2149}.Release|Any CPU.Build.0 = Release|Any CPU
	EndGlobalSection
	GlobalSection(SolutionProperties) = preSolution
		HideSolutionNode = FALSE
	EndGlobalSection
	GlobalSection(NestedProjects) = preSolution
		{0C3061B9-AD2F-4C18-B796-F5568736357D} = {A51A66EA-571C-4F64-A8BF-B4F1D202DAAD}
		{56E3969F-5066-4702-A670-4C35FBD97201} = {9C9A09C3-DAB9-4DD9-93DE-1D3CF1E54BC3}
		{7B564B3C-CCCC-43CA-94B6-D375AA40F085} = {9C9A09C3-DAB9-4DD9-93DE-1D3CF1E54BC3}
		{967FD938-F4FF-452B-9F9B-426D1F250BEB} = {9C9A09C3-DAB9-4DD9-93DE-1D3CF1E54BC3}
		{AE69E1DD-A499-48E9-8BAA-B279E07F7DC7} = {9C9A09C3-DAB9-4DD9-93DE-1D3CF1E54BC3}
		{F8B67A5E-16BF-4F97-AAF1-804E5CBBAFEE} = {9C9A09C3-DAB9-4DD9-93DE-1D3CF1E54BC3}
		{D1E9C98A-55A2-4636-8FB0-D8874C9660C9} = {0C3061B9-AD2F-4C18-B796-F5568736357D}
		{925044C1-66B2-4DE3-8FE9-F38BACB917F3} = {0C3061B9-AD2F-4C18-B796-F5568736357D}
		{CA1374AC-6B74-4840-8B92-4AB593FBA306} = {0C3061B9-AD2F-4C18-B796-F5568736357D}
	EndGlobalSection
EndGlobal
